
Microsoft Visual Studio Solution File, Format Version 12.00
# Visual Studio 15
VisualStudioVersion = 15.0.28307.779
MinimumVisualStudioVersion = 10.0.40219.1
Project("{FAE04EC0-301F-11D3-BF4B-00C04F79EFBC}") = "Whirlpool.Core", "Whirlpool.Core\Whirlpool.Core.csproj", "{FA6FB3B2-5479-49AC-9CB3-554864C20B42}"
EndProject
Project("{FAE04EC0-301F-11D3-BF4B-00C04F79EFBC}") = "Whirlpool.Demo", "Whirlpool.Demo\Whirlpool.Demo.csproj", "{3ADDAAF4-3934-4F92-AB0A-9CEED96D5E51}"
EndProject
Project("{FAE04EC0-301F-11D3-BF4B-00C04F79EFBC}") = "Whirlpool.StatisticalTests", "Whirlpool.StatisticalTests\Whirlpool.StatisticalTests.csproj", "{A979BFED-A55A-4E8E-8719-1CFDF5CD0B4C}"
EndProject
Project("{FAE04EC0-301F-11D3-BF4B-00C04F79EFBC}") = "Whrilpool.xUnitTests", "Whrilpool.xUnitTests\Whrilpool.xUnitTests.csproj", "{67537D3F-D902-4BAD-9675-10099A954BAC}"
EndProject
Global
	GlobalSection(SolutionConfigurationPlatforms) = preSolution
		Debug|Any CPU = Debug|Any CPU
		Release|Any CPU = Release|Any CPU
	EndGlobalSection
	GlobalSection(ProjectConfigurationPlatforms) = postSolution
		{FA6FB3B2-5479-49AC-9CB3-554864C20B42}.Debug|Any CPU.ActiveCfg = Debug|Any CPU
		{FA6FB3B2-5479-49AC-9CB3-554864C20B42}.Debug|Any CPU.Build.0 = Debug|Any CPU
		{FA6FB3B2-5479-49AC-9CB3-554864C20B42}.Release|Any CPU.ActiveCfg = Release|Any CPU
		{FA6FB3B2-5479-49AC-9CB3-554864C20B42}.Release|Any CPU.Build.0 = Release|Any CPU
		{3ADDAAF4-3934-4F92-AB0A-9CEED96D5E51}.Debug|Any CPU.ActiveCfg = Debug|Any CPU
		{3ADDAAF4-3934-4F92-AB0A-9CEED96D5E51}.Debug|Any CPU.Build.0 = Debug|Any CPU
		{3ADDAAF4-3934-4F92-AB0A-9CEED96D5E51}.Release|Any CPU.ActiveCfg = Release|Any CPU
		{3ADDAAF4-3934-4F92-AB0A-9CEED96D5E51}.Release|Any CPU.Build.0 = Release|Any CPU
		{A979BFED-A55A-4E8E-8719-1CFDF5CD0B4C}.Debug|Any CPU.ActiveCfg = Debug|Any CPU
		{A979BFED-A55A-4E8E-8719-1CFDF5CD0B4C}.Debug|Any CPU.Build.0 = Debug|Any CPU
		{A979BFED-A55A-4E8E-8719-1CFDF5CD0B4C}.Release|Any CPU.ActiveCfg = Release|Any CPU
		{A979BFED-A55A-4E8E-8719-1CFDF5CD0B4C}.Release|Any CPU.Build.0 = Release|Any CPU
		{67537D3F-D902-4BAD-9675-10099A954BAC}.Debug|Any CPU.ActiveCfg = Debug|Any CPU
		{67537D3F-D902-4BAD-9675-10099A954BAC}.Debug|Any CPU.Build.0 = Debug|Any CPU
		{67537D3F-D902-4BAD-9675-10099A954BAC}.Release|Any CPU.ActiveCfg = Release|Any CPU
		{67537D3F-D902-4BAD-9675-10099A954BAC}.Release|Any CPU.Build.0 = Release|Any CPU
	EndGlobalSection
	GlobalSection(SolutionProperties) = preSolution
		HideSolutionNode = FALSE
	EndGlobalSection
	GlobalSection(ExtensibilityGlobals) = postSolution
		SolutionGuid = {FC75AF39-CB69-493D-ACD6-A349549973EF}
	EndGlobalSection
EndGlobal
